
Microsoft Visual Studio Solution File, Format Version 12.00
# Visual Studio 15
VisualStudioVersion = 15.0.27130.2027
MinimumVisualStudioVersion = 10.0.40219.1
Project("{FAE04EC0-301F-11D3-BF4B-00C04F79EFBC}") = "RobotPlusPlus.Console", "RobotPlusPlus.Console\RobotPlusPlus.Console.csproj", "{023A5556-8B0E-4461-86C1-177F1FFEC82F}"
EndProject
Project("{FAE04EC0-301F-11D3-BF4B-00C04F79EFBC}") = "RobotPlusPlus.Compiler", "RobotPlusPlus.Compiler\RobotPlusPlus.Compiler.csproj", "{9D778718-0574-4BD7-BA50-DCF5CE6FC34C}"
EndProject
Project("{FAE04EC0-301F-11D3-BF4B-00C04F79EFBC}") = "RobotPlusPlus.Tests.Compiler", "RobotPlusPlus.Tests.Compiler\RobotPlusPlus.Tests.Compiler.csproj", "{470D0BFF-7D52-4AD7-8324-9F497DB67225}"
EndProject
Global
	GlobalSection(SolutionConfigurationPlatforms) = preSolution
		Debug|Any CPU = Debug|Any CPU
		Release|Any CPU = Release|Any CPU
	EndGlobalSection
	GlobalSection(ProjectConfigurationPlatforms) = postSolution
		{023A5556-8B0E-4461-86C1-177F1FFEC82F}.Debug|Any CPU.ActiveCfg = Debug|Any CPU
		{023A5556-8B0E-4461-86C1-177F1FFEC82F}.Debug|Any CPU.Build.0 = Debug|Any CPU
		{023A5556-8B0E-4461-86C1-177F1FFEC82F}.Release|Any CPU.ActiveCfg = Release|Any CPU
		{023A5556-8B0E-4461-86C1-177F1FFEC82F}.Release|Any CPU.Build.0 = Release|Any CPU
		{9D778718-0574-4BD7-BA50-DCF5CE6FC34C}.Debug|Any CPU.ActiveCfg = Debug|Any CPU
		{9D778718-0574-4BD7-BA50-DCF5CE6FC34C}.Debug|Any CPU.Build.0 = Debug|Any CPU
		{9D778718-0574-4BD7-BA50-DCF5CE6FC34C}.Release|Any CPU.ActiveCfg = Release|Any CPU
		{9D778718-0574-4BD7-BA50-DCF5CE6FC34C}.Release|Any CPU.Build.0 = Release|Any CPU
		{470D0BFF-7D52-4AD7-8324-9F497DB67225}.Debug|Any CPU.ActiveCfg = Debug|Any CPU
		{470D0BFF-7D52-4AD7-8324-9F497DB67225}.Debug|Any CPU.Build.0 = Debug|Any CPU
		{470D0BFF-7D52-4AD7-8324-9F497DB67225}.Release|Any CPU.ActiveCfg = Release|Any CPU
		{470D0BFF-7D52-4AD7-8324-9F497DB67225}.Release|Any CPU.Build.0 = Release|Any CPU
	EndGlobalSection
	GlobalSection(SolutionProperties) = preSolution
		HideSolutionNode = FALSE
	EndGlobalSection
	GlobalSection(ExtensibilityGlobals) = postSolution
		SolutionGuid = {FE2D335F-C8B4-4157-8478-0B2E732C3CD9}
	EndGlobalSection
EndGlobal
